
Microsoft Visual Studio Solution File, Format Version 12.00
# Visual Studio Version 17
VisualStudioVersion = 17.0.31903.59
MinimumVisualStudioVersion = 10.0.40219.1
Project("{FAE04EC0-301F-11D3-BF4B-00C04F79EFBC}") = "AsyncMethod", "AsyncMethod.csproj", "{BD115F2F-7C6D-4C63-A870-8DFA1C891E1F}"
EndProject
Global
	GlobalSection(SolutionConfigurationPlatforms) = preSolution
		Debug|Any CPU = Debug|Any CPU
		Release|Any CPU = Release|Any CPU
	EndGlobalSection
	GlobalSection(ProjectConfigurationPlatforms) = postSolution
		{BD115F2F-7C6D-4C63-A870-8DFA1C891E1F}.Debug|Any CPU.ActiveCfg = Debug|Any CPU
		{BD115F2F-7C6D-4C63-A870-8DFA1C891E1F}.Debug|Any CPU.Build.0 = Debug|Any CPU
		{BD115F2F-7C6D-4C63-A870-8DFA1C891E1F}.Release|Any CPU.ActiveCfg = Release|Any CPU
		{BD115F2F-7C6D-4C63-A870-8DFA1C891E1F}.Release|Any CPU.Build.0 = Release|Any CPU
	EndGlobalSection
	GlobalSection(SolutionProperties) = preSolution
		HideSolutionNode = FALSE
	EndGlobalSection
	GlobalSection(ExtensibilityGlobals) = postSolution
		SolutionGuid = {E22F3FB3-DA9B-400E-8ECC-D233D02A2BCB}
	EndGlobalSection
EndGlobal
